{
    "_meta": {
        "hash": {
            "sha256": "e0f82372aef7672f83093dbee779ee573f8e2cd09573b75575838a5b3d1b52b9"
        },
        "pipfile-spec": 6,
        "requires": {
            "python_full_version": "3.9.17",
            "python_version": "3.9"
        },
        "sources": [
            {
                "name": "pypi",
                "url": "https://pypi.org/simple",
                "verify_ssl": true
            }
        ]
    },
    "default": {
        "azure-core": {
            "hashes": [
                "sha256:068ea8b61888165b1e749892785936e293e35070a10ea10c8c11ec9f5186a2f8",
                "sha256:8ec1b607d11ab0dc762606c4804b52b6b2fae83524e89ed575055046b69f1afe"
            ],
            "markers": "python_version >= '3.7'",
            "version": "==1.27.0"
        },
        "azure-cosmos": {
            "hashes": [
                "sha256:4c6785489704f037aa67f725c41eef850f693d99eb6ea3ec49f785a1e35ab021",
                "sha256:5ba74668a77f69e60ac7d11e755be7d5d4852ec03482c0a625d221eb10be5de2"
            ],
            "index": "pypi",
            "version": "==4.4.0"
        },
        "azure-functions": {
            "hashes": [
                "sha256:443b049652ede41e57a698230cc3848d20e5b53dff52bc4a636ee0820813f1b5",
                "sha256:e8e470d87327f76fcc25a038757f38d19c0182091ed183bd2239505a4e61587a"
            ],
            "index": "pypi",
            "version": "==1.12.0"
        },
        "azure-identity": {
            "hashes": [
                "sha256:bd700cebb80cd9862098587c29d8677e819beca33c62568ced6d5a8e5e332b82",
                "sha256:c931c27301ffa86b07b4dcf574e29da73e3deba9ab5d1fe4f445bb6a3117e260"
            ],
            "index": "pypi",
            "version": "==1.13.0"
        },
        "azure-storage-blob": {
            "hashes": [
                "sha256:52b84658e8df7853a3cf1c563814655b5028b979b2a87905b92aa6bb30be240e",
                "sha256:860d4d82985a4bfc7d3271e71275af330f54f330a754355435a7ba749ccde997"
            ],
            "index": "pypi",
            "version": "==12.14.1"
        },
        "beautifulsoup4": {
            "hashes": [
                "sha256:492bbc69dca35d12daac71c4db1bfff0c876c00ef4a2ffacce226d4638eb72da",
                "sha256:bd2520ca0d9d7d12694a53d44ac482d181b4ec1888909b035a3dbf40d0f57d4a"
            ],
            "markers": "python_full_version >= '3.6.0'",
            "version": "==4.12.2"
        },
        "bs4": {
            "hashes": [
                "sha256:36ecea1fd7cc5c0c6e4a1ff075df26d50da647b75376626cc186e2212886dd3a"
            ],
            "index": "pypi",
            "version": "==0.0.1"
        },
        "certifi": {
            "hashes": [
                "sha256:0f0d56dc5a6ad56fd4ba36484d6cc34451e1c6548c61daad8c320169f91eddc7",
                "sha256:c6c2e98f5c7869efca1f8916fed228dd91539f9f1b444c314c06eef02980c716"
            ],
            "markers": "python_version >= '3.6'",
            "version": "==2023.5.7"
        },
        "cffi": {
            "hashes": [
                "sha256:00a9ed42e88df81ffae7a8ab6d9356b371399b91dbdf0c3cb1e84c03a13aceb5",
                "sha256:03425bdae262c76aad70202debd780501fabeaca237cdfddc008987c0e0f59ef",
                "sha256:04ed324bda3cda42b9b695d51bb7d54b680b9719cfab04227cdd1e04e5de3104",
                "sha256:0e2642fe3142e4cc4af0799748233ad6da94c62a8bec3a6648bf8ee68b1c7426",
                "sha256:173379135477dc8cac4bc58f45db08ab45d228b3363adb7af79436135d028405",
                "sha256:198caafb44239b60e252492445da556afafc7d1e3ab7a1fb3f0584ef6d742375",
                "sha256:1e74c6b51a9ed6589199c787bf5f9875612ca4a8a0785fb2d4a84429badaf22a",
                "sha256:2012c72d854c2d03e45d06ae57f40d78e5770d252f195b93f581acf3ba44496e",
                "sha256:21157295583fe8943475029ed5abdcf71eb3911894724e360acff1d61c1d54bc",
                "sha256:2470043b93ff09bf8fb1d46d1cb756ce6132c54826661a32d4e4d132e1977adf",
                "sha256:285d29981935eb726a4399badae8f0ffdff4f5050eaa6d0cfc3f64b857b77185",
                "sha256:30d78fbc8ebf9c92c9b7823ee18eb92f2e6ef79b45ac84db507f52fbe3ec4497",
                "sha256:320dab6e7cb2eacdf0e658569d2575c4dad258c0fcc794f46215e1e39f90f2c3",
                "sha256:33ab79603146aace82c2427da5ca6e58f2b3f2fb5da893ceac0c42218a40be35",
                "sha256:3548db281cd7d2561c9ad9984681c95f7b0e38881201e157833a2342c30d5e8c",
                "sha256:3799aecf2e17cf585d977b780ce79ff0dc9b78d799fc694221ce814c2c19db83",
                "sha256:39d39875251ca8f612b6f33e6b1195af86d1b3e60086068be9cc053aa4376e21",
                "sha256:3b926aa83d1edb5aa5b427b4053dc420ec295a08e40911296b9eb1b6170f6cca",
                "sha256:3bcde07039e586f91b45c88f8583ea7cf7a0770df3a1649627bf598332cb6984",
                "sha256:3d08afd128ddaa624a48cf2b859afef385b720bb4b43df214f85616922e6a5ac",
                "sha256:3eb6971dcff08619f8d91607cfc726518b6fa2a9eba42856be181c6d0d9515fd",
                "sha256:40f4774f5a9d4f5e344f31a32b5096977b5d48560c5592e2f3d2c4374bd543ee",
                "sha256:4289fc34b2f5316fbb762d75362931e351941fa95fa18789191b33fc4cf9504a",
                "sha256:470c103ae716238bbe698d67ad020e1db9d9dba34fa5a899b5e21577e6d52ed2",
                "sha256:4f2c9f67e9821cad2e5f480bc8d83b8742896f1242dba247911072d4fa94c192",
                "sha256:50a74364d85fd319352182ef59c5c790484a336f6db772c1a9231f1c3ed0cbd7",
                "sha256:54a2db7b78338edd780e7ef7f9f6c442500fb0d41a5a4ea24fff1c929d5af585",
                "sha256:5635bd9cb9731e6d4a1132a498dd34f764034a8ce60cef4f5319c0541159392f",
                "sha256:59c0b02d0a6c384d453fece7566d1c7e6b7bae4fc5874ef2ef46d56776d61c9e",
                "sha256:5d598b938678ebf3c67377cdd45e09d431369c3b1a5b331058c338e201f12b27",
                "sha256:5df2768244d19ab7f60546d0c7c63ce1581f7af8b5de3eb3004b9b6fc8a9f84b",
                "sha256:5ef34d190326c3b1f822a5b7a45f6c4535e2f47ed06fec77d3d799c450b2651e",
                "sha256:6975a3fac6bc83c4a65c9f9fcab9e47019a11d3d2cf7f3c0d03431bf145a941e",
                "sha256:6c9a799e985904922a4d207a94eae35c78ebae90e128f0c4e521ce339396be9d",
                "sha256:70df4e3b545a17496c9b3f41f5115e69a4f2e77e94e1d2a8e1070bc0c38c8a3c",
                "sha256:7473e861101c9e72452f9bf8acb984947aa1661a7704553a9f6e4baa5ba64415",
                "sha256:8102eaf27e1e448db915d08afa8b41d6c7ca7a04b7d73af6514df10a3e74bd82",
                "sha256:87c450779d0914f2861b8526e035c5e6da0a3199d8f1add1a665e1cbc6fc6d02",
                "sha256:8b7ee99e510d7b66cdb6c593f21c043c248537a32e0bedf02e01e9553a172314",
                "sha256:91fc98adde3d7881af9b59ed0294046f3806221863722ba7d8d120c575314325",
                "sha256:94411f22c3985acaec6f83c6df553f2dbe17b698cc7f8ae751ff2237d96b9e3c",
                "sha256:98d85c6a2bef81588d9227dde12db8a7f47f639f4a17c9ae08e773aa9c697bf3",
                "sha256:9ad5db27f9cabae298d151c85cf2bad1d359a1b9c686a275df03385758e2f914",
                "sha256:a0b71b1b8fbf2b96e41c4d990244165e2c9be83d54962a9a1d118fd8657d2045",
                "sha256:a0f100c8912c114ff53e1202d0078b425bee3649ae34d7b070e9697f93c5d52d",
                "sha256:a591fe9e525846e4d154205572a029f653ada1a78b93697f3b5a8f1f2bc055b9",
                "sha256:a5c84c68147988265e60416b57fc83425a78058853509c1b0629c180094904a5",
                "sha256:a66d3508133af6e8548451b25058d5812812ec3798c886bf38ed24a98216fab2",
                "sha256:a8c4917bd7ad33e8eb21e9a5bbba979b49d9a97acb3a803092cbc1133e20343c",
                "sha256:b3bbeb01c2b273cca1e1e0c5df57f12dce9a4dd331b4fa1635b8bec26350bde3",
                "sha256:cba9d6b9a7d64d4bd46167096fc9d2f835e25d7e4c121fb2ddfc6528fb0413b2",
                "sha256:cc4d65aeeaa04136a12677d3dd0b1c0c94dc43abac5860ab33cceb42b801c1e8",
                "sha256:ce4bcc037df4fc5e3d184794f27bdaab018943698f4ca31630bc7f84a7b69c6d",
                "sha256:cec7d9412a9102bdc577382c3929b337320c4c4c4849f2c5cdd14d7368c5562d",
                "sha256:d400bfb9a37b1351253cb402671cea7e89bdecc294e8016a707f6d1d8ac934f9",
                "sha256:d61f4695e6c866a23a21acab0509af1cdfd2c013cf256bbf5b6b5e2695827162",
                "sha256:db0fbb9c62743ce59a9ff687eb5f4afbe77e5e8403d6697f7446e5f609976f76",
                "sha256:dd86c085fae2efd48ac91dd7ccffcfc0571387fe1193d33b6394db7ef31fe2a4",
                "sha256:e00b098126fd45523dd056d2efba6c5a63b71ffe9f2bbe1a4fe1716e1d0c331e",
                "sha256:e229a521186c75c8ad9490854fd8bbdd9a0c9aa3a524326b55be83b54d4e0ad9",
                "sha256:e263d77ee3dd201c3a142934a086a4450861778baaeeb45db4591ef65550b0a6",
                "sha256:ed9cb427ba5504c1dc15ede7d516b84757c3e3d7868ccc85121d9310d27eed0b",
                "sha256:fa6693661a4c91757f4412306191b6dc88c1703f780c8234035eac011922bc01",
                "sha256:fcd131dd944808b5bdb38e6f5b53013c5aa4f334c5cad0c72742f6eba4b73db0"
            ],
            "version": "==1.15.1"
        },
        "charset-normalizer": {
            "hashes": [
                "sha256:04afa6387e2b282cf78ff3dbce20f0cc071c12dc8f685bd40960cc68644cfea6",
                "sha256:04eefcee095f58eaabe6dc3cc2262f3bcd776d2c67005880894f447b3f2cb9c1",
                "sha256:0be65ccf618c1e7ac9b849c315cc2e8a8751d9cfdaa43027d4f6624bd587ab7e",
                "sha256:0c95f12b74681e9ae127728f7e5409cbbef9cd914d5896ef238cc779b8152373",
                "sha256:0ca564606d2caafb0abe6d1b5311c2649e8071eb241b2d64e75a0d0065107e62",
                "sha256:10c93628d7497c81686e8e5e557aafa78f230cd9e77dd0c40032ef90c18f2230",
                "sha256:11d117e6c63e8f495412d37e7dc2e2fff09c34b2d09dbe2bee3c6229577818be",
                "sha256:11d3bcb7be35e7b1bba2c23beedac81ee893ac9871d0ba79effc7fc01167db6c",
                "sha256:12a2b561af122e3d94cdb97fe6fb2bb2b82cef0cdca131646fdb940a1eda04f0",
                "sha256:12d1a39aa6b8c6f6248bb54550efcc1c38ce0d8096a146638fd4738e42284448",
                "sha256:1435ae15108b1cb6fffbcea2af3d468683b7afed0169ad718451f8db5d1aff6f",
                "sha256:1c60b9c202d00052183c9be85e5eaf18a4ada0a47d188a83c8f5c5b23252f649",
                "sha256:1e8fcdd8f672a1c4fc8d0bd3a2b576b152d2a349782d1eb0f6b8e52e9954731d",
                "sha256:20064ead0717cf9a73a6d1e779b23d149b53daf971169289ed2ed43a71e8d3b0",
                "sha256:21fa558996782fc226b529fdd2ed7866c2c6ec91cee82735c98a197fae39f706",
                "sha256:22908891a380d50738e1f978667536f6c6b526a2064156203d418f4856d6e86a",
                "sha256:3160a0fd9754aab7d47f95a6b63ab355388d890163eb03b2d2b87ab0a30cfa59",
                "sha256:322102cdf1ab682ecc7d9b1c5eed4ec59657a65e1c146a0da342b78f4112db23",
                "sha256:34e0a2f9c370eb95597aae63bf85eb5e96826d81e3dcf88b8886012906f509b5",
                "sha256:3573d376454d956553c356df45bb824262c397c6e26ce43e8203c4c540ee0acb",
                "sha256:3747443b6a904001473370d7810aa19c3a180ccd52a7157aacc264a5ac79265e",
                "sha256:38e812a197bf8e71a59fe55b757a84c1f946d0ac114acafaafaf21667a7e169e",
                "sha256:3a06f32c9634a8705f4ca9946d667609f52cf130d5548881401f1eb2c39b1e2c",
                "sha256:3a5fc78f9e3f501a1614a98f7c54d3969f3ad9bba8ba3d9b438c3bc5d047dd28",
                "sha256:3d9098b479e78c85080c98e1e35ff40b4a31d8953102bb0fd7d1b6f8a2111a3d",
                "sha256:3dc5b6a8ecfdc5748a7e429782598e4f17ef378e3e272eeb1340ea57c9109f41",
                "sha256:4155b51ae05ed47199dc5b2a4e62abccb274cee6b01da5b895099b61b1982974",
                "sha256:49919f8400b5e49e961f320c735388ee686a62327e773fa5b3ce6721f7e785ce",
                "sha256:53d0a3fa5f8af98a1e261de6a3943ca631c526635eb5817a87a59d9a57ebf48f",
                "sha256:5f008525e02908b20e04707a4f704cd286d94718f48bb33edddc7d7b584dddc1",
                "sha256:628c985afb2c7d27a4800bfb609e03985aaecb42f955049957814e0491d4006d",
                "sha256:65ed923f84a6844de5fd29726b888e58c62820e0769b76565480e1fdc3d062f8",
                "sha256:6734e606355834f13445b6adc38b53c0fd45f1a56a9ba06c2058f86893ae8017",
                "sha256:6baf0baf0d5d265fa7944feb9f7451cc316bfe30e8df1a61b1bb08577c554f31",
                "sha256:6f4f4668e1831850ebcc2fd0b1cd11721947b6dc7c00bf1c6bd3c929ae14f2c7",
                "sha256:6f5c2e7bc8a4bf7c426599765b1bd33217ec84023033672c1e9a8b35eaeaaaf8",
                "sha256:6f6c7a8a57e9405cad7485f4c9d3172ae486cfef1344b5ddd8e5239582d7355e",
                "sha256:7381c66e0561c5757ffe616af869b916c8b4e42b367ab29fedc98481d1e74e14",
                "sha256:73dc03a6a7e30b7edc5b01b601e53e7fc924b04e1835e8e407c12c037e81adbd",
                "sha256:74db0052d985cf37fa111828d0dd230776ac99c740e1a758ad99094be4f1803d",
                "sha256:75f2568b4189dda1c567339b48cba4ac7384accb9c2a7ed655cd86b04055c795",
                "sha256:78cacd03e79d009d95635e7d6ff12c21eb89b894c354bd2b2ed0b4763373693b",
                "sha256:80d1543d58bd3d6c271b66abf454d437a438dff01c3e62fdbcd68f2a11310d4b",
                "sha256:830d2948a5ec37c386d3170c483063798d7879037492540f10a475e3fd6f244b",
                "sha256:891cf9b48776b5c61c700b55a598621fdb7b1e301a550365571e9624f270c203",
                "sha256:8f25e17ab3039b05f762b0a55ae0b3632b2e073d9c8fc88e89aca31a6198e88f",
                "sha256:9a3267620866c9d17b959a84dd0bd2d45719b817245e49371ead79ed4f710d19",
                "sha256:a04f86f41a8916fe45ac5024ec477f41f886b3c435da2d4e3d2709b22ab02af1",
                "sha256:aaf53a6cebad0eae578f062c7d462155eada9c172bd8c4d250b8c1d8eb7f916a",
                "sha256:abc1185d79f47c0a7aaf7e2412a0eb2c03b724581139193d2d82b3ad8cbb00ac",
                "sha256:ac0aa6cd53ab9a31d397f8303f92c42f534693528fafbdb997c82bae6e477ad9",
                "sha256:ac3775e3311661d4adace3697a52ac0bab17edd166087d493b52d4f4f553f9f0",
                "sha256:b06f0d3bf045158d2fb8837c5785fe9ff9b8c93358be64461a1089f5da983137",
                "sha256:b116502087ce8a6b7a5f1814568ccbd0e9f6cfd99948aa59b0e241dc57cf739f",
                "sha256:b82fab78e0b1329e183a65260581de4375f619167478dddab510c6c6fb04d9b6",
                "sha256:bd7163182133c0c7701b25e604cf1611c0d87712e56e88e7ee5d72deab3e76b5",
                "sha256:c36bcbc0d5174a80d6cccf43a0ecaca44e81d25be4b7f90f0ed7bcfbb5a00909",
                "sha256:c3af8e0f07399d3176b179f2e2634c3ce9c1301379a6b8c9c9aeecd481da494f",
                "sha256:c84132a54c750fda57729d1e2599bb598f5fa0344085dbde5003ba429a4798c0",
                "sha256:cb7b2ab0188829593b9de646545175547a70d9a6e2b63bf2cd87a0a391599324",
                "sha256:cca4def576f47a09a943666b8f829606bcb17e2bc2d5911a46c8f8da45f56755",
                "sha256:cf6511efa4801b9b38dc5546d7547d5b5c6ef4b081c60b23e4d941d0eba9cbeb",
                "sha256:d16fd5252f883eb074ca55cb622bc0bee49b979ae4e8639fff6ca3ff44f9f854",
                "sha256:d2686f91611f9e17f4548dbf050e75b079bbc2a82be565832bc8ea9047b61c8c",
                "sha256:d7fc3fca01da18fbabe4625d64bb612b533533ed10045a2ac3dd194bfa656b60",
                "sha256:dd5653e67b149503c68c4018bf07e42eeed6b4e956b24c00ccdf93ac79cdff84",
                "sha256:de5695a6f1d8340b12a5d6d4484290ee74d61e467c39ff03b39e30df62cf83a0",
                "sha256:e0ac8959c929593fee38da1c2b64ee9778733cdf03c482c9ff1d508b6b593b2b",
                "sha256:e1b25e3ad6c909f398df8921780d6a3d120d8c09466720226fc621605b6f92b1",
                "sha256:e633940f28c1e913615fd624fcdd72fdba807bf53ea6925d6a588e84e1151531",
                "sha256:e89df2958e5159b811af9ff0f92614dabf4ff617c03a4c1c6ff53bf1c399e0e1",
                "sha256:ea9f9c6034ea2d93d9147818f17c2a0860d41b71c38b9ce4d55f21b6f9165a11",
                "sha256:f645caaf0008bacf349875a974220f1f1da349c5dbe7c4ec93048cdc785a3326",
                "sha256:f8303414c7b03f794347ad062c0516cee0e15f7a612abd0ce1e25caf6ceb47df",
                "sha256:fca62a8301b605b954ad2e9c3666f9d97f63872aa4efcae5492baca2056b74ab"
            ],
            "markers": "python_full_version >= '3.7.0'",
            "version": "==3.1.0"
        },
        "cryptography": {
            "hashes": [
                "sha256:059e348f9a3c1950937e1b5d7ba1f8e968508ab181e75fc32b879452f08356db",
                "sha256:1a5472d40c8f8e91ff7a3d8ac6dfa363d8e3138b961529c996f3e2df0c7a411a",
                "sha256:1a8e6c2de6fbbcc5e14fd27fb24414507cb3333198ea9ab1258d916f00bc3039",
                "sha256:1fee5aacc7367487b4e22484d3c7e547992ed726d14864ee33c0176ae43b0d7c",
                "sha256:5d092fdfedaec4cbbffbf98cddc915ba145313a6fdaab83c6e67f4e6c218e6f3",
                "sha256:5f0ff6e18d13a3de56f609dd1fd11470918f770c6bd5d00d632076c727d35485",
                "sha256:7bfc55a5eae8b86a287747053140ba221afc65eb06207bedf6e019b8934b477c",
                "sha256:7fa01527046ca5facdf973eef2535a27fec4cb651e4daec4d043ef63f6ecd4ca",
                "sha256:8dde71c4169ec5ccc1087bb7521d54251c016f126f922ab2dfe6649170a3b8c5",
                "sha256:8f4ab7021127a9b4323537300a2acfb450124b2def3756f64dc3a3d2160ee4b5",
                "sha256:948224d76c4b6457349d47c0c98657557f429b4e93057cf5a2f71d603e2fc3a3",
                "sha256:9a6c7a3c87d595608a39980ebaa04d5a37f94024c9f24eb7d10262b92f739ddb",
                "sha256:b46e37db3cc267b4dea1f56da7346c9727e1209aa98487179ee8ebed09d21e43",
                "sha256:b4ceb5324b998ce2003bc17d519080b4ec8d5b7b70794cbd2836101406a9be31",
                "sha256:cb33ccf15e89f7ed89b235cff9d49e2e62c6c981a6061c9c8bb47ed7951190bc",
                "sha256:d198820aba55660b4d74f7b5fd1f17db3aa5eb3e6893b0a41b75e84e4f9e0e4b",
                "sha256:d34579085401d3f49762d2f7d6634d6b6c2ae1242202e860f4d26b046e3a1006",
                "sha256:eb8163f5e549a22888c18b0d53d6bb62a20510060a22fd5a995ec8a05268df8a",
                "sha256:f73bff05db2a3e5974a6fd248af2566134d8981fd7ab012e5dd4ddb1d9a70699"
            ],
            "markers": "python_version >= '3.7'",
            "version": "==41.0.1"
        },
        "idna": {
            "hashes": [
                "sha256:814f528e8dead7d329833b91c5faa87d60bf71824cd12a7530b5526063d02cb4",
                "sha256:90b77e79eaa3eba6de819a0c442c0b4ceefc341a7a2ab77d7562bf49f425c5c2"
            ],
            "markers": "python_version >= '3.5'",
            "version": "==3.4"
        },
        "isodate": {
            "hashes": [
                "sha256:0751eece944162659049d35f4f549ed815792b38793f07cf73381c1c87cbed96",
                "sha256:48c5881de7e8b0a0d648cb024c8062dc84e7b840ed81e864c7614fd3c127bde9"
            ],
            "version": "==0.6.1"
        },
        "msal": {
            "hashes": [
                "sha256:8a82f5375642c1625c89058018430294c109440dce42ea667d466c2cab520acd",
                "sha256:9120b7eafdf061c92f7b3d744e5f325fca35873445fa8ffebb40b1086a13dd58"
            ],
            "version": "==1.22.0"
        },
        "msal-extensions": {
            "hashes": [
                "sha256:91e3db9620b822d0ed2b4d1850056a0f133cba04455e62f11612e40f5502f2ee",
                "sha256:c676aba56b0cce3783de1b5c5ecfe828db998167875126ca4b47dc6436451354"
            ],
            "version": "==1.0.0"
        },
        "msrest": {
            "hashes": [
                "sha256:21120a810e1233e5e6cc7fe40b474eeb4ec6f757a15d7cf86702c369f9567c32",
                "sha256:6e7661f46f3afd88b75667b7187a92829924446c7ea1d169be8c4bb7eeb788b9"
            ],
            "markers": "python_version >= '3.6'",
            "version": "==0.7.1"
        },
        "oauthlib": {
            "hashes": [
                "sha256:8139f29aac13e25d502680e9e19963e83f16838d48a0d71c287fe40e7067fbca",
                "sha256:9859c40929662bec5d64f34d01c99e093149682a3f38915dc0655d5a633dd918"
            ],
            "markers": "python_version >= '3.6'",
            "version": "==3.2.2"
        },
        "portalocker": {
            "hashes": [
                "sha256:032e81d534a88ec1736d03f780ba073f047a06c478b06e2937486f334e955c51",
                "sha256:a07c5b4f3985c3cf4798369631fb7011adb498e2a46d8440efc75a8f29a0f983"
            ],
            "markers": "python_version >= '3.5' and platform_system != 'Windows'",
            "version": "==2.7.0"
        },
        "pycparser": {
            "hashes": [
                "sha256:8ee45429555515e1f6b185e78100aea234072576aa43ab53aefcae078162fca9",
                "sha256:e644fdec12f7872f86c58ff790da456218b10f863970249516d60a5eaca77206"
            ],
            "version": "==2.21"
        },
        "pyjwt": {
            "extras": [
                "crypto"
            ],
            "hashes": [
                "sha256:ba2b425b15ad5ef12f200dc67dd56af4e26de2331f965c5439994dad075876e1",
                "sha256:bd6ca4a3c4285c1a2d4349e5a035fdf8fb94e04ccd0fcbe6ba289dae9cc3e074"
            ],
            "markers": "python_version >= '3.7'",
            "version": "==2.7.0"
        },
        "requests": {
            "hashes": [
                "sha256:58cd2187c01e70e6e26505bca751777aa9f2ee0b7f4300988b709f44e013003f",
                "sha256:942c5a758f98d790eaed1a29cb6eefc7ffb0d1cf7af05c3d2791656dbd6ad1e1"
            ],
            "index": "pypi",
            "version": "==2.31.0"
        },
        "requests-oauthlib": {
            "hashes": [
                "sha256:2577c501a2fb8d05a304c09d090d6e47c306fef15809d102b327cf8364bddab5",
                "sha256:75beac4a47881eeb94d5ea5d6ad31ef88856affe2332b9aafb52c6452ccf0d7a"
            ],
            "markers": "python_version >= '2.7' and python_version not in '3.0, 3.1, 3.2, 3.3'",
            "version": "==1.3.1"
        },
        "six": {
            "hashes": [
                "sha256:1e61c37477a1626458e36f7b1d82aa5c9b094fa4802892072e49de9c60c4c926",
                "sha256:8abb2f1d86890a2dfb989f9a77cfcfd3e47c2a354b01111771326f8aa26e0254"
            ],
            "markers": "python_version >= '2.7' and python_version not in '3.0, 3.1, 3.2, 3.3'",
            "version": "==1.16.0"
        },
        "soupsieve": {
            "hashes": [
                "sha256:1c1bfee6819544a3447586c889157365a27e10d88cde3ad3da0cf0ddf646feb8",
                "sha256:89d12b2d5dfcd2c9e8c22326da9d9aa9cb3dfab0a83a024f05704076ee8d35ea"
            ],
            "markers": "python_version >= '3.7'",
            "version": "==2.4.1"
        },
        "typing-extensions": {
            "hashes": [
                "sha256:88a4153d8505aabbb4e13aacb7c486c2b4a33ca3b3f807914a9b4c844c471c26",
                "sha256:d91d5919357fe7f681a9f2b5b4cb2a5f1ef0a1e9f59c4d8ff0d3491e05c0ffd5"
            ],
            "markers": "python_version >= '3.7'",
            "version": "==4.6.3"
        },
        "urllib3": {
            "hashes": [
                "sha256:48e7fafa40319d358848e1bc6809b208340fafe2096f1725d05d67443d0483d1",
                "sha256:bee28b5e56addb8226c96f7f13ac28cb4c301dd5ea8a6ca179c0b9835e032825"
            ],
            "markers": "python_version >= '3.7'",
            "version": "==2.0.3"
        },
        "xxhash": {
            "hashes": [
                "sha256:01f36b671ff55cb1d5c2f6058b799b697fd0ae4b4582bba6ed0999678068172a",
                "sha256:02badf3754e2133de254a4688798c4d80f0060635087abcb461415cb3eb82115",
                "sha256:052fd0efdd5525c2dbc61bebb423d92aa619c4905bba605afbf1e985a562a231",
                "sha256:0a2cdfb5cae9fafb9f7b65fd52ecd60cf7d72c13bb2591ea59aaefa03d5a8827",
                "sha256:0a6d58ba5865475e53d6c2c4fa6a62e2721e7875e146e2681e5337a6948f12e7",
                "sha256:0d54ac023eef7e3ac9f0b8841ae8a376b933043bc2ad428121346c6fa61c491c",
                "sha256:0dcb419bf7b0bc77d366e5005c25682249c5521a63fd36c51f584bd91bb13bd5",
                "sha256:0eea848758e4823a01abdbcccb021a03c1ee4100411cbeeb7a5c36a202a0c13c",
                "sha256:11bf87dc7bb8c3b0b5e24b7b941a9a19d8c1f88120b6a03a17264086bc8bb023",
                "sha256:17b65454c5accbb079c45eca546c27c4782f5175aa320758fafac896b1549d27",
                "sha256:1a42994f0d42b55514785356722d9031f064fd34e495b3a589e96db68ee0179d",
                "sha256:1afb9b9d27fd675b436cb110c15979976d92d761ad6e66799b83756402f3a974",
                "sha256:1afd47af8955c5db730f630ad53ae798cf7fae0acb64cebb3cf94d35c47dd088",
                "sha256:1bdd57973e2b802ef32553d7bebf9402dac1557874dbe5c908b499ea917662cd",
                "sha256:20181cbaed033c72cb881b2a1d13c629cd1228f113046133469c9a48cfcbcd36",
                "sha256:2198c4901a0223c48f6ec0a978b60bca4f4f7229a11ca4dc96ca325dd6a29115",
                "sha256:2408d49260b0a4a7cc6ba445aebf38e073aeaf482f8e32767ca477e32ccbbf9e",
                "sha256:26cb52174a7e96a17acad27a3ca65b24713610ac479c99ac9640843822d3bebf",
                "sha256:2783d41487ce6d379fdfaa7332fca5187bf7010b9bddcf20cafba923bc1dc665",
                "sha256:3126df6520cbdbaddd87ce74794b2b6c45dd2cf6ac2b600a374b8cdb76a2548c",
                "sha256:314ec0bd21f0ee8d30f2bd82ed3759314bd317ddbbd8555668f3d20ab7a8899a",
                "sha256:368265392cb696dd53907e2328b5a8c1bee81cf2142d0cc743caf1c1047abb36",
                "sha256:3a26eeb4625a6e61cedc8c1b39b89327c9c7e1a8c2c4d786fe3f178eb839ede6",
                "sha256:3a68d1e8a390b660d94b9360ae5baa8c21a101bd9c4790a8b30781bada9f1fc6",
                "sha256:3b1f3c6d67fa9f49c4ff6b25ce0e7143bab88a5bc0f4116dd290c92337d0ecc7",
                "sha256:3d4b15c00e807b1d3d0b612338c814739dec310b80fb069bd732b98ddc709ad7",
                "sha256:3f4152fd0bf8b03b79f2f900fd6087a66866537e94b5a11fd0fd99ef7efe5c42",
                "sha256:498843b66b9ca416e9d03037e5875c8d0c0ab9037527e22df3b39aa5163214cd",
                "sha256:49f51fab7b762da7c2cee0a3d575184d3b9be5e2f64f26cae2dd286258ac9b3c",
                "sha256:4b948a03f89f5c72d69d40975af8af241111f0643228796558dc1cae8f5560b0",
                "sha256:4ec1f57127879b419a2c8d2db9d9978eb26c61ae17e5972197830430ae78d25b",
                "sha256:50ce82a71b22a3069c02e914bf842118a53065e2ec1c6fb54786e03608ab89cc",
                "sha256:5384f1d9f30876f5d5b618464fb19ff7ce6c0fe4c690fbaafd1c52adc3aae807",
                "sha256:561076ca0dcef2fbc20b2bc2765bff099e002e96041ae9dbe910a863ca6ee3ea",
                "sha256:59dc8bfacf89b8f5be54d55bc3b4bd6d74d0c5320c8a63d2538ac7df5b96f1d5",
                "sha256:5daff3fb5bfef30bc5a2cb143810d376d43461445aa17aece7210de52adbe151",
                "sha256:61b0bcf946fdfd8ab5f09179dc2b5c74d1ef47cedfc6ed0ec01fdf0ee8682dd3",
                "sha256:61e6aa1d30c2af692aa88c4dd48709426e8b37bff6a574ee2de677579c34a3d6",
                "sha256:649cdf19df175925ad87289ead6f760cd840730ee85abc5eb43be326a0a24d97",
                "sha256:66b8a90b28c13c2aae7a71b32638ceb14cefc2a1c8cf23d8d50dfb64dfac7aaf",
                "sha256:6b7c9aa77bbce61a5e681bd39cb6a804338474dcc90abe3c543592aa5d6c9a9b",
                "sha256:75aa692936942ccb2e8fd6a386c81c61630ac1b6d6e921698122db8a930579c3",
                "sha256:75bb5be3c5de702a547715f320ecf5c8014aeca750ed5147ca75389bd22e7343",
                "sha256:761df3c7e2c5270088b691c5a8121004f84318177da1ca1db64222ec83c44871",
                "sha256:77709139af5123c578ab06cf999429cdb9ab211047acd0c787e098dcb3f1cb4d",
                "sha256:7deae3a312feb5c17c97cbf18129f83cbd3f1f9ec25b0f50e2bd9697befb22e7",
                "sha256:82daaab720866bf690b20b49de5640b0c27e3b8eea2d08aa75bdca2b0f0cfb63",
                "sha256:883dc3d3942620f4c7dbc3fd6162f50a67f050b714e47da77444e3bcea7d91cc",
                "sha256:89585adc73395a10306d2e2036e50d6c4ac0cf8dd47edf914c25488871b64f6d",
                "sha256:8970f6a411a9839a02b23b7e90bbbba4a6de52ace009274998566dc43f36ca18",
                "sha256:91687671fd9d484a4e201ad266d366b695a45a1f2b41be93d116ba60f1b8f3b3",
                "sha256:919bc1b010aa6ff0eb918838ff73a435aed9e9a19c3202b91acecd296bf75607",
                "sha256:92fd765591c83e5c5f409b33eac1d3266c03d3d11c71a7dbade36d5cdee4fbc0",
                "sha256:994e4741d5ed70fc2a335a91ef79343c6b1089d7dfe6e955dd06f8ffe82bede6",
                "sha256:9b94749130ef3119375c599bfce82142c2500ef9ed3280089157ee37662a7137",
                "sha256:9d3f686e3d1c8900c5459eee02b60c7399e20ec5c6402364068a343c83a61d90",
                "sha256:9eba0c7c12126b12f7fcbea5513f28c950d28f33d2a227f74b50b77789e478e8",
                "sha256:a0e1bd0260c1da35c1883321ce2707ceea07127816ab625e1226ec95177b561a",
                "sha256:a0f7a16138279d707db778a63264d1d6016ac13ffd3f1e99f54b2855d6c0d8e1",
                "sha256:a32d546a1752e4ee7805d6db57944f7224afa7428d22867006b6486e4195c1f3",
                "sha256:a433f6162b18d52f7068175d00bd5b1563b7405f926a48d888a97b90a160c40d",
                "sha256:a892b4b139126a86bfdcb97cd912a2f8c4e8623869c3ef7b50871451dd7afeb0",
                "sha256:a910b1193cd90af17228f5d6069816646df0148f14f53eefa6b2b11a1dedfcd0",
                "sha256:aabdbc082030f8df613e2d2ea1f974e7ad36a539bdfc40d36f34e55c7e4b8e94",
                "sha256:add774341c09853b1612c64a526032d95ab1683053325403e1afbe3ad2f374c5",
                "sha256:ae521ed9287f86aac979eeac43af762f03d9d9797b2272185fb9ddd810391216",
                "sha256:af44b9e59c4b2926a4e3c7f9d29949ff42fcea28637ff6b8182e654461932be8",
                "sha256:b0c094d5e65a46dbf3fe0928ff20873a747e6abfd2ed4b675beeb2750624bc2e",
                "sha256:b0d16775094423088ffa357d09fbbb9ab48d2fb721d42c0856b801c86f616eec",
                "sha256:b5019fb33711c30e54e4e57ae0ca70af9d35b589d385ac04acd6954452fa73bb",
                "sha256:baa99cebf95c1885db21e119395f222a706a2bb75a545f0672880a442137725e",
                "sha256:bb6d8ce31dc25faf4da92991320e211fa7f42de010ef51937b1dc565a4926501",
                "sha256:bbc30c98ab006ab9fc47e5ed439c00f706bc9d4441ff52693b8b6fea335163e0",
                "sha256:c55fa832fc3fe64e0d29da5dc9b50ba66ca93312107cec2709300ea3d3bab5c7",
                "sha256:c5e8db6e1ee7267b7c412ad0afd5863bf7a95286b8333a5958c8097c69f94cf5",
                "sha256:c5f3e33fe6cbab481727f9aeb136a213aed7e33cd1ca27bd75e916ffacc18411",
                "sha256:cc8878935671490efe9275fb4190a6062b73277bd273237179b9b5a2aa436153",
                "sha256:ce7c3ce28f94302df95eaea7c9c1e2c974b6d15d78a0c82142a97939d7b6c082",
                "sha256:cead7c0307977a00b3f784cff676e72c147adbcada19a2e6fc2ddf54f37cf387",
                "sha256:d2d15a707e7f689531eb4134eccb0f8bf3844bb8255ad50823aa39708d9e6755",
                "sha256:d4d4519123aac73c93159eb8f61db9682393862dd669e7eae034ecd0a35eadac",
                "sha256:d93a44d0104d1b9b10de4e7aadf747f6efc1d7ec5ed0aa3f233a720725dd31bd",
                "sha256:dad638cde3a5357ad3163b80b3127df61fb5b5e34e9e05a87697144400ba03c7",
                "sha256:e0773cd5c438ffcd5dbff91cdd503574f88a4b960e70cedeb67736583a17a918",
                "sha256:e172c1ee40507ae3b8d220f4048aaca204f203e1e4197e8e652f5c814f61d1aa",
                "sha256:e4af8bc5c3fcc2192c266421c6aa2daab1a18e002cb8e66ef672030e46ae25cf",
                "sha256:e57d94a1552af67f67b27db5dba0b03783ea69d5ca2af2f40e098f0ba3ce3f5f",
                "sha256:e6b2ba4ff53dd5f57d728095e3def7375eb19c90621ce3b41b256de84ec61cfd",
                "sha256:e8be562e2ce3e481d9209b6f254c3d7c5ff920eb256aba2380d2fb5ba75d4f87",
                "sha256:e8ed3bd2b8bb3277710843ca63e4f5c3ee6f8f80b083be5b19a7a9905420d11e",
                "sha256:e998efb190653f70e0f30d92b39fc645145369a4823bee46af8ddfc244aa969d",
                "sha256:eaa3ea15025b56076d806b248948612289b093e8dcda8d013776b3848dffff15",
                "sha256:f4ce006215497993ae77c612c1883ca4f3973899573ce0c52fee91f0d39c4561",
                "sha256:f7b79f0f302396d8e0d444826ceb3d07b61977793886ebae04e82796c02e42dc",
                "sha256:f94163ebe2d5546e6a5977e96d83621f4689c1054053428cf8d4c28b10f92f69",
                "sha256:f988daf25f31726d5b9d0be6af636ca9000898f9ea43a57eac594daea25b0948",
                "sha256:fbcd613a5e76b1495fc24db9c37a6b7ee5f214fd85979187ec4e032abfc12ded",
                "sha256:fe454aeab348c42f56d6f7434ff758a3ef90787ac81b9ad5a363cd61b90a1b0b"
            ],
            "index": "pypi",
            "version": "==3.2.0"
        }
    },
    "develop": {}
}
